
Microsoft Visual Studio Solution File, Format Version 12.00
# Visual Studio Version 17
VisualStudioVersion = 17.14.36429.23 d17.14
MinimumVisualStudioVersion = 10.0.40219.1
Project("{8BC9CEB8-8B4A-11D0-8D11-00A0C91BC942}") = "Tom_and_Jerald", "Tom_and_Jerald\Tom_and_Jerald.vcxproj", "{0DA3FD5F-1C1A-442D-AD4C-AC73051ADA13}"
EndProject
Global
	GlobalSection(SolutionConfigurationPlatforms) = preSolution
		Debug|x64 = Debug|x64
		Release|x64 = Release|x64
	EndGlobalSection
	GlobalSection(ProjectConfigurationPlatforms) = postSolution
		{0DA3FD5F-1C1A-442D-AD4C-AC73051ADA13}.Debug|x64.ActiveCfg = Debug|x64
		{0DA3FD5F-1C1A-442D-AD4C-AC73051ADA13}.Debug|x64.Build.0 = Debug|x64
		{0DA3FD5F-1C1A-442D-AD4C-AC73051ADA13}.Release|x64.ActiveCfg = Release|x64
		{0DA3FD5F-1C1A-442D-AD4C-AC73051ADA13}.Release|x64.Build.0 = Release|x64
	EndGlobalSection
	GlobalSection(SolutionProperties) = preSolution
		HideSolutionNode = FALSE
	EndGlobalSection
	GlobalSection(ExtensibilityGlobals) = postSolution
		SolutionGuid = {BB739491-5D43-468C-A5A4-433AFA1F9CE6}
	EndGlobalSection
EndGlobal
