<?xml version="1.0" encoding="utf-8"?>
<Project ToolsVersion="4.0" xmlns="http://schemas.microsoft.com/developer/msbuild/2003">
  <ItemGroup>
    <ClCompile Include="Animation.cpp" />
    <ClCompile Include="Audio.cpp" />
    <ClCompile Include="Camera.cpp" />
    <ClCompile Include="CustomLevel.cpp" />
    <ClCompile Include="DifferentGamemode.cpp" />
    <ClCompile Include="GameOver.cpp" />
    <ClCompile Include="GameStateManager.cpp" />
    <ClCompile Include="HighScores.cpp" />
    <ClCompile Include="ImgFontInit.cpp" />
    <ClCompile Include="Jetpack Fuel.cpp" />
    <ClCompile Include="LevelEditor.cpp" />
    <ClCompile Include="LevelTile.cpp" />
    <ClCompile Include="Main.cpp" />
    <ClCompile Include="MainMenu.cpp" />
    <ClCompile Include="Obstacle.cpp" />
    <ClCompile Include="Particles.cpp" />
    <ClCompile Include="pch.cpp" />
    <ClCompile Include="Player.cpp" />
    <ClCompile Include="Playing.cpp" />
    <ClCompile Include="Credits.cpp" />
    <ClCompile Include="Settings.cpp" />
    <ClCompile Include="Shop.cpp" />
    <ClCompile Include="Upgrades.cpp" />
    <ClCompile Include="Utils.cpp" />
    <ClCompile Include="Victory.cpp" />
  </ItemGroup>
  <ItemGroup>
    <ClInclude Include="Animation.hpp" />
    <ClInclude Include="Audio.hpp" />
    <ClInclude Include="Camera.hpp" />
    <ClInclude Include="CustomLevel.hpp" />
    <ClInclude Include="DifferentGamemode.hpp" />
    <ClInclude Include="GameOver.hpp" />
    <ClInclude Include="GameStateList.hpp" />
    <ClInclude Include="GameStateManager.hpp" />
    <ClInclude Include="Credits.hpp" />
    <ClInclude Include="HighScores.hpp" />
    <ClInclude Include="ImgFontInit.hpp" />
    <ClInclude Include="JetpackFuel.hpp" />
    <ClInclude Include="LevelEditor.hpp" />
    <ClInclude Include="LevelTile.hpp" />
    <ClInclude Include="MainMenu.hpp" />
    <ClInclude Include="Obstacle.hpp" />
    <ClInclude Include="Particles.hpp" />
    <ClInclude Include="pch.hpp" />
    <ClInclude Include="Player.hpp" />
    <ClInclude Include="Playing.hpp" />
    <ClInclude Include="Settings.hpp" />
    <ClInclude Include="Shop.hpp" />
    <ClInclude Include="Upgrades.hpp" />
    <ClInclude Include="Utils.hpp" />
    <ClInclude Include="Victory.hpp" />
  </ItemGroup>
</Project>